
Microsoft Visual Studio Solution File, Format Version 12.00
Project("{FAE04EC0-301F-11D3-BF4B-00C04F79EFBC}") = "Lab_2", "Lab_2\Lab_2.csproj", "{70D3D3AF-CB09-498F-A9AE-3CDCE55D2A97}"
EndProject
Global
	GlobalSection(SolutionConfigurationPlatforms) = preSolution
		Debug|Any CPU = Debug|Any CPU
		Release|Any CPU = Release|Any CPU
	EndGlobalSection
	GlobalSection(ProjectConfigurationPlatforms) = postSolution
		{70D3D3AF-CB09-498F-A9AE-3CDCE55D2A97}.Debug|Any CPU.ActiveCfg = Debug|Any CPU
		{70D3D3AF-CB09-498F-A9AE-3CDCE55D2A97}.Debug|Any CPU.Build.0 = Debug|Any CPU
		{70D3D3AF-CB09-498F-A9AE-3CDCE55D2A97}.Release|Any CPU.ActiveCfg = Release|Any CPU
		{70D3D3AF-CB09-498F-A9AE-3CDCE55D2A97}.Release|Any CPU.Build.0 = Release|Any CPU
	EndGlobalSection
EndGlobal
