
Microsoft Visual Studio Solution File, Format Version 12.00
Project("{FAE04EC0-301F-11D3-BF4B-00C04F79EFBC}") = "Laba_7", "Laba_7\Laba_7.csproj", "{14995254-95CA-4134-8B36-DD8894858BAA}"
EndProject
Global
	GlobalSection(SolutionConfigurationPlatforms) = preSolution
		Debug|Any CPU = Debug|Any CPU
		Release|Any CPU = Release|Any CPU
	EndGlobalSection
	GlobalSection(ProjectConfigurationPlatforms) = postSolution
		{14995254-95CA-4134-8B36-DD8894858BAA}.Debug|Any CPU.ActiveCfg = Debug|Any CPU
		{14995254-95CA-4134-8B36-DD8894858BAA}.Debug|Any CPU.Build.0 = Debug|Any CPU
		{14995254-95CA-4134-8B36-DD8894858BAA}.Release|Any CPU.ActiveCfg = Release|Any CPU
		{14995254-95CA-4134-8B36-DD8894858BAA}.Release|Any CPU.Build.0 = Release|Any CPU
	EndGlobalSection
EndGlobal
